
Microsoft Visual Studio Solution File, Format Version 12.00
# Visual Studio Version 17
VisualStudioVersion = 17.0.32126.317
MinimumVisualStudioVersion = 10.0.40219.1
Project("{FAE04EC0-301F-11D3-BF4B-00C04F79EFBC}") = "Calc", "Calc\Calc.csproj", "{AEFF56B0-0FF6-40FA-9B78-C806B1ECFCBF}"
EndProject
Project("{FAE04EC0-301F-11D3-BF4B-00C04F79EFBC}") = "Calc.Tests", "Calc.Tests\Calc.Tests.csproj", "{96307E34-8D2C-47E5-BDB7-925CBE53E0F4}"
EndProject
Global
	GlobalSection(SolutionConfigurationPlatforms) = preSolution
		Debug|Any CPU = Debug|Any CPU
		Release|Any CPU = Release|Any CPU
	EndGlobalSection
	GlobalSection(ProjectConfigurationPlatforms) = postSolution
		{AEFF56B0-0FF6-40FA-9B78-C806B1ECFCBF}.Debug|Any CPU.ActiveCfg = Debug|Any CPU
		{AEFF56B0-0FF6-40FA-9B78-C806B1ECFCBF}.Debug|Any CPU.Build.0 = Debug|Any CPU
		{AEFF56B0-0FF6-40FA-9B78-C806B1ECFCBF}.Release|Any CPU.ActiveCfg = Release|Any CPU
		{AEFF56B0-0FF6-40FA-9B78-C806B1ECFCBF}.Release|Any CPU.Build.0 = Release|Any CPU
		{96307E34-8D2C-47E5-BDB7-925CBE53E0F4}.Debug|Any CPU.ActiveCfg = Debug|Any CPU
		{96307E34-8D2C-47E5-BDB7-925CBE53E0F4}.Debug|Any CPU.Build.0 = Debug|Any CPU
		{96307E34-8D2C-47E5-BDB7-925CBE53E0F4}.Release|Any CPU.ActiveCfg = Release|Any CPU
		{96307E34-8D2C-47E5-BDB7-925CBE53E0F4}.Release|Any CPU.Build.0 = Release|Any CPU
	EndGlobalSection
	GlobalSection(SolutionProperties) = preSolution
		HideSolutionNode = FALSE
	EndGlobalSection
	GlobalSection(ExtensibilityGlobals) = postSolution
		SolutionGuid = {4F220844-F9A0-4FEE-A438-6F366CE6EC59}
	EndGlobalSection
EndGlobal
